<?xml version="1.0" encoding="utf-8"?>
<Project ToolsVersion="4.0" xmlns="http://schemas.microsoft.com/developer/msbuild/2003">
  <ItemGroup>
    <Filter Include="Source Files">
      <UniqueIdentifier>{4FC737F1-C7A5-4376-A066-2A32D752A2FF}</UniqueIdentifier>
      <Extensions>cpp;c;cc;cxx;def;odl;idl;hpj;bat;asm;asmx</Extensions>
    </Filter>
    <Filter Include="Header Files">
      <UniqueIdentifier>{93995380-89BD-4b04-88EB-625FBE52EBFB}</UniqueIdentifier>
      <Extensions>h;hh;hpp;hxx;hm;inl;inc;ipp;xsd</Extensions>
    </Filter>
    <Filter Include="Resource Files">
      <UniqueIdentifier>{67DA6AB6-F800-4c08-8B7A-83BB121AAD01}</UniqueIdentifier>
      <Extensions>rc;ico;cur;bmp;dlg;rc2;rct;bin;rgs;gif;jpg;jpeg;jpe;resx;tiff;tif;png;wav;mfcribbon-ms</Extensions>
    </Filter>
    <Filter Include="Header Files\Physics">
      <UniqueIdentifier>{208b7933-94c3-451c-bb64-e02def7777f6}</UniqueIdentifier>
    </Filter>
    <Filter Include="Header Files\Rendering">
      <UniqueIdentifier>{e91d86cc-308c-449e-b6d1-a3f2fbef3b4c}</UniqueIdentifier>
    </Filter>
    <Filter Include="Header Files\Memory">
      <UniqueIdentifier>{d930cad6-da03-4d41-924b-0f8548523d4a}</UniqueIdentifier>
    </Filter>
    <Filter Include="Header Files\Memory\HeapManager">
      <UniqueIdentifier>{76380d6e-b31a-45dc-a1a6-3be2acd0f8d9}</UniqueIdentifier>
    </Filter>
    <Filter Include="Header Files\Memory\FixedSizeAllocator">
      <UniqueIdentifier>{91459e6e-e2ae-4682-9e1f-feae23db22f0}</UniqueIdentifier>
    </Filter>
    <Filter Include="Source Files\Memory">
      <UniqueIdentifier>{3b4142f7-ec75-461e-a721-004d895863e0}</UniqueIdentifier>
    </Filter>
    <Filter Include="Source Files\Memory\HeapManager">
      <UniqueIdentifier>{0e3bb57b-cb21-4643-bf2f-d5c948817d86}</UniqueIdentifier>
    </Filter>
    <Filter Include="Source Files\Memory\FixedSizeAllocator">
      <UniqueIdentifier>{7fc77d77-810e-40e7-8072-e7f72edac5a7}</UniqueIdentifier>
    </Filter>
    <Filter Include="Header Files\Math">
      <UniqueIdentifier>{ffebcb92-27b6-43f4-ad8f-45a867562f5f}</UniqueIdentifier>
    </Filter>
    <Filter Include="Header Files\Timing">
      <UniqueIdentifier>{4d83d547-376f-47b0-9db9-79e2f637737a}</UniqueIdentifier>
    </Filter>
    <Filter Include="Header Files\GameObject">
      <UniqueIdentifier>{e1ee63b5-cc3e-48ff-b7b2-12f7b96e1998}</UniqueIdentifier>
    </Filter>
    <Filter Include="Header Files\Utility">
      <UniqueIdentifier>{4de4d58b-bacb-4b7e-8543-e10a505ad16b}</UniqueIdentifier>
    </Filter>
    <Filter Include="Source Files\GameObject">
      <UniqueIdentifier>{126a4fd3-3905-411a-94b0-6ad1565cbb76}</UniqueIdentifier>
    </Filter>
    <Filter Include="Source Files\Utility">
      <UniqueIdentifier>{d57850e1-3e19-491b-b190-8e6c5c041c98}</UniqueIdentifier>
    </Filter>
    <Filter Include="Source Files\Rendering">
      <UniqueIdentifier>{6c5f4282-ad9d-461f-9d74-25ac6ac98270}</UniqueIdentifier>
    </Filter>
    <Filter Include="Source Files\Math">
      <UniqueIdentifier>{8e336b38-f471-43bd-ae4d-0082461af8fb}</UniqueIdentifier>
    </Filter>
    <Filter Include="Source Files\Timing">
      <UniqueIdentifier>{a1ad10e4-2a3c-490a-b39c-34f22b4dbf07}</UniqueIdentifier>
    </Filter>
    <Filter Include="Header Files\Containers">
      <UniqueIdentifier>{aa244fae-1bb7-4e01-9f93-626b9fb8e840}</UniqueIdentifier>
    </Filter>
    <Filter Include="Source Files\Physics">
      <UniqueIdentifier>{52071478-a81a-4a0b-a1e4-ba4f526e8f04}</UniqueIdentifier>
    </Filter>
    <Filter Include="Header Files\File">
      <UniqueIdentifier>{5356d0df-35dc-4585-b667-f7aaf747c448}</UniqueIdentifier>
    </Filter>
    <Filter Include="Source Files\File">
      <UniqueIdentifier>{a27fb316-2d75-496d-b883-0f93678375e4}</UniqueIdentifier>
    </Filter>
    <Filter Include="Header Files\JobSystem">
      <UniqueIdentifier>{74e8a8cc-0cb3-4390-87f1-5320c0eaa70b}</UniqueIdentifier>
    </Filter>
    <Filter Include="Source Files\JobSystem">
      <UniqueIdentifier>{c47416ce-b7d8-4e88-8a56-64ccfc8bf5eb}</UniqueIdentifier>
    </Filter>
    <Filter Include="Header Files\Threading">
      <UniqueIdentifier>{414f7b7a-f21d-480e-ac09-b180563ef982}</UniqueIdentifier>
    </Filter>
    <Filter Include="Source Files\Threading">
      <UniqueIdentifier>{4d747553-907d-499e-8897-a7fbebb5a720}</UniqueIdentifier>
    </Filter>
    <Filter Include="Header Files\CustomTypes">
      <UniqueIdentifier>{9005f892-0ed0-473e-9944-80cb53b84657}</UniqueIdentifier>
    </Filter>
    <Filter Include="Source Files\CustomTypes">
      <UniqueIdentifier>{2b6b8a6a-75f7-46b0-9509-c719839d1024}</UniqueIdentifier>
    </Filter>
    <Filter Include="Header Files\Console">
      <UniqueIdentifier>{df92d409-cc69-45ea-8f38-4be8e845c76f}</UniqueIdentifier>
    </Filter>
    <Filter Include="Source Files\Console">
      <UniqueIdentifier>{7a184ea5-63eb-4ca8-bc64-a26e09a49690}</UniqueIdentifier>
    </Filter>
  </ItemGroup>
  <ItemGroup>
    <ClInclude Include="GLibHelpers.h">
      <Filter>Header Files\Rendering</Filter>
    </ClInclude>
    <ClInclude Include="Allocators.h">
      <Filter>Header Files\Memory</Filter>
    </ClInclude>
    <ClInclude Include="..\MemoryManager\BlockDescriptorUtil.h">
      <Filter>Header Files\Memory\HeapManager</Filter>
    </ClInclude>
    <ClInclude Include="..\MemoryManager\HeapManager.h">
      <Filter>Header Files\Memory\HeapManager</Filter>
    </ClInclude>
    <ClInclude Include="..\MemoryManager\HeapManager-inl.h">
      <Filter>Header Files\Memory\HeapManager</Filter>
    </ClInclude>
    <ClInclude Include="..\MemoryManager\HeapManagerProxy.h">
      <Filter>Header Files\Memory\HeapManager</Filter>
    </ClInclude>
    <ClInclude Include="..\MemoryManager\BitArray.h">
      <Filter>Header Files\Memory\FixedSizeAllocator</Filter>
    </ClInclude>
    <ClInclude Include="..\MemoryManager\BitArray-inl.h">
      <Filter>Header Files\Memory\FixedSizeAllocator</Filter>
    </ClInclude>
    <ClInclude Include="..\MemoryManager\FixedSizeAllocator.h">
      <Filter>Header Files\Memory\FixedSizeAllocator</Filter>
    </ClInclude>
    <ClInclude Include="..\MemoryManager\MemoryManagerGlobals.h">
      <Filter>Header Files\Memory</Filter>
    </ClInclude>
    <ClInclude Include="..\MemoryManager\MemorySystem.h">
      <Filter>Header Files\Memory</Filter>
    </ClInclude>
    <ClInclude Include="Timer.h">
      <Filter>Header Files\Timing</Filter>
    </ClInclude>
    <ClInclude Include="Actor.h">
      <Filter>Header Files\GameObject</Filter>
    </ClInclude>
    <ClInclude Include="Actor-inl.h">
      <Filter>Header Files\GameObject</Filter>
    </ClInclude>
    <ClInclude Include="FloatFunctionLibrary.h">
      <Filter>Header Files\Utility</Filter>
    </ClInclude>
    <ClInclude Include="SmartPtr.h">
      <Filter>Header Files\Containers</Filter>
    </ClInclude>
    <ClInclude Include="ReferenceCount.h">
      <Filter>Header Files\Containers</Filter>
    </ClInclude>
    <ClInclude Include="WeakPtr.h">
      <Filter>Header Files\Containers</Filter>
    </ClInclude>
    <ClInclude Include="Vector3.h">
      <Filter>Header Files\Math</Filter>
    </ClInclude>
    <ClInclude Include="Vector3-inl.h">
      <Filter>Header Files\Math</Filter>
    </ClInclude>
    <ClInclude Include="Renderer.h">
      <Filter>Header Files\Rendering</Filter>
    </ClInclude>
    <ClInclude Include="Renderable.h">
      <Filter>Header Files\Rendering</Filter>
    </ClInclude>
    <ClInclude Include="Destructors.h">
      <Filter>Header Files\Containers</Filter>
    </ClInclude>
    <ClInclude Include="RigidBody.h">
      <Filter>Header Files\Physics</Filter>
    </ClInclude>
    <ClInclude Include="PhysicsSystem.h">
      <Filter>Header Files\Physics</Filter>
    </ClInclude>
    <ClInclude Include="Engine.h">
      <Filter>Header Files</Filter>
    </ClInclude>
    <ClInclude Include="LoadFile.h">
      <Filter>Header Files\File</Filter>
    </ClInclude>
    <ClInclude Include="IJob.h">
      <Filter>Header Files\JobSystem</Filter>
    </ClInclude>
    <ClInclude Include="INamed.h">
      <Filter>Header Files\JobSystem</Filter>
    </ClInclude>
    <ClInclude Include="JobRunner.h">
      <Filter>Header Files\JobSystem</Filter>
    </ClInclude>
    <ClInclude Include="JobSystem.h">
      <Filter>Header Files\JobSystem</Filter>
    </ClInclude>
    <ClInclude Include="SharedJobQueue.h">
      <Filter>Header Files\JobSystem</Filter>
    </ClInclude>
    <ClInclude Include="Mutex.h">
      <Filter>Header Files\Threading</Filter>
    </ClInclude>
    <ClInclude Include="WaitableObject.h">
      <Filter>Header Files\Threading</Filter>
    </ClInclude>
    <ClInclude Include="Events.h">
      <Filter>Header Files\Threading</Filter>
    </ClInclude>
    <ClInclude Include="ScopeLock.h">
      <Filter>Header Files\Threading</Filter>
    </ClInclude>
    <ClInclude Include="HashedString.h">
      <Filter>Header Files\CustomTypes</Filter>
    </ClInclude>
    <ClInclude Include="HashedString-inl.h">
      <Filter>Header Files\CustomTypes</Filter>
    </ClInclude>
    <ClInclude Include="ConsolePrint.h">
      <Filter>Header Files\Console</Filter>
    </ClInclude>
    <ClInclude Include="ActorCreator.h">
      <Filter>Header Files\GameObject</Filter>
    </ClInclude>
  </ItemGroup>
  <ItemGroup>
    <ClCompile Include="Engine.cpp">
      <Filter>Source Files</Filter>
    </ClCompile>
    <ClCompile Include="Allocators.cpp">
      <Filter>Source Files\Memory</Filter>
    </ClCompile>
    <ClCompile Include="..\MemoryManager\HeapManager.cpp">
      <Filter>Source Files\Memory\HeapManager</Filter>
    </ClCompile>
    <ClCompile Include="..\MemoryManager\HeapManagerProxy.cpp">
      <Filter>Source Files\Memory\HeapManager</Filter>
    </ClCompile>
    <ClCompile Include="..\MemoryManager\BitArray.cpp">
      <Filter>Source Files\Memory\FixedSizeAllocator</Filter>
    </ClCompile>
    <ClCompile Include="..\MemoryManager\FixedSizeAllocator.cpp">
      <Filter>Source Files\Memory\FixedSizeAllocator</Filter>
    </ClCompile>
    <ClCompile Include="..\MemoryManager\MemorySystem.cpp">
      <Filter>Source Files\Memory</Filter>
    </ClCompile>
    <ClCompile Include="Actor.cpp">
      <Filter>Source Files\GameObject</Filter>
    </ClCompile>
    <ClCompile Include="FloatFunctionLibrary.cpp">
      <Filter>Source Files\Utility</Filter>
    </ClCompile>
    <ClCompile Include="GLibHelpers.cpp">
      <Filter>Source Files\Rendering</Filter>
    </ClCompile>
    <ClCompile Include="Timer.cpp">
      <Filter>Source Files\Timing</Filter>
    </ClCompile>
    <ClCompile Include="Vector3.cpp">
      <Filter>Source Files\Math</Filter>
    </ClCompile>
    <ClCompile Include="Renderer.cpp">
      <Filter>Source Files\Rendering</Filter>
    </ClCompile>
    <ClCompile Include="PhysicsSystem.cpp">
      <Filter>Source Files\Physics</Filter>
    </ClCompile>
    <ClCompile Include="LoadFile.cpp">
      <Filter>Source Files\File</Filter>
    </ClCompile>
    <ClCompile Include="JobRunner.cpp">
      <Filter>Source Files\JobSystem</Filter>
    </ClCompile>
    <ClCompile Include="JobSystem.cpp">
      <Filter>Source Files\JobSystem</Filter>
    </ClCompile>
    <ClCompile Include="SharedJobQueue.cpp">
      <Filter>Source Files\JobSystem</Filter>
    </ClCompile>
    <ClCompile Include="Mutex.cpp">
      <Filter>Source Files\Threading</Filter>
    </ClCompile>
    <ClCompile Include="Events.cpp">
      <Filter>Source Files\Threading</Filter>
    </ClCompile>
    <ClCompile Include="IJob.cpp">
      <Filter>Source Files\JobSystem</Filter>
    </ClCompile>
    <ClCompile Include="HashedString.cpp">
      <Filter>Source Files\CustomTypes</Filter>
    </ClCompile>
    <ClCompile Include="ConsolePrint.Win32.cpp">
      <Filter>Source Files\Console</Filter>
    </ClCompile>
    <ClCompile Include="ActorCreator.cpp">
      <Filter>Source Files\GameObject</Filter>
    </ClCompile>
  </ItemGroup>
</Project>