
Microsoft Visual Studio Solution File, Format Version 12.00
# Visual Studio 15
VisualStudioVersion = 15.0.28307.757
MinimumVisualStudioVersion = 10.0.40219.1
Project("{8BC9CEB8-8B4A-11D0-8D11-00A0C91BC942}") = "MonsterChase", "MonsterChase\MonsterChase.vcxproj", "{1B09FC06-9673-4C0E-B1C4-2B80016DEB03}"
EndProject
Project("{8BC9CEB8-8B4A-11D0-8D11-00A0C91BC942}") = "Game", "Game\Game.vcxproj", "{D67A9AD6-4044-4E88-80CA-441D89AA0A11}"
EndProject
Project("{8BC9CEB8-8B4A-11D0-8D11-00A0C91BC942}") = "Engine", "Engine\Engine.vcxproj", "{7ADE825F-D0AF-4DC7-B153-E3C38F7D9B69}"
EndProject
Project("{8BC9CEB8-8B4A-11D0-8D11-00A0C91BC942}") = "MemoryManager", "MemoryManager\MemoryManager.vcxproj", "{6697EF73-BF7C-4B25-9BEE-95AFFD8DF453}"
EndProject
Project("{8BC9CEB8-8B4A-11D0-8D11-00A0C91BC942}") = "UnitTests", "UnitTests\UnitTests.vcxproj", "{C78BD85C-74B9-4C51-A81E-69F561DF3015}"
EndProject
Project("{8BC9CEB8-8B4A-11D0-8D11-00A0C91BC942}") = "GLib", "GLib\GLib.vcxproj", "{B2AB67DE-B7FA-42BA-B060-959487392AEA}"
EndProject
Global
	GlobalSection(SolutionConfigurationPlatforms) = preSolution
		Debug|ARM = Debug|ARM
		Debug|x64 = Debug|x64
		Debug|x86 = Debug|x86
		Release|ARM = Release|ARM
		Release|x64 = Release|x64
		Release|x86 = Release|x86
	EndGlobalSection
	GlobalSection(ProjectConfigurationPlatforms) = postSolution
		{1B09FC06-9673-4C0E-B1C4-2B80016DEB03}.Debug|ARM.ActiveCfg = Debug|Win32
		{1B09FC06-9673-4C0E-B1C4-2B80016DEB03}.Debug|x64.ActiveCfg = Debug|x64
		{1B09FC06-9673-4C0E-B1C4-2B80016DEB03}.Debug|x64.Build.0 = Debug|x64
		{1B09FC06-9673-4C0E-B1C4-2B80016DEB03}.Debug|x86.ActiveCfg = Debug|Win32
		{1B09FC06-9673-4C0E-B1C4-2B80016DEB03}.Debug|x86.Build.0 = Debug|Win32
		{1B09FC06-9673-4C0E-B1C4-2B80016DEB03}.Release|ARM.ActiveCfg = Release|Win32
		{1B09FC06-9673-4C0E-B1C4-2B80016DEB03}.Release|x64.ActiveCfg = Release|x64
		{1B09FC06-9673-4C0E-B1C4-2B80016DEB03}.Release|x64.Build.0 = Release|x64
		{1B09FC06-9673-4C0E-B1C4-2B80016DEB03}.Release|x86.ActiveCfg = Release|Win32
		{1B09FC06-9673-4C0E-B1C4-2B80016DEB03}.Release|x86.Build.0 = Release|Win32
		{D67A9AD6-4044-4E88-80CA-441D89AA0A11}.Debug|ARM.ActiveCfg = Debug|Win32
		{D67A9AD6-4044-4E88-80CA-441D89AA0A11}.Debug|x64.ActiveCfg = Debug|x64
		{D67A9AD6-4044-4E88-80CA-441D89AA0A11}.Debug|x64.Build.0 = Debug|x64
		{D67A9AD6-4044-4E88-80CA-441D89AA0A11}.Debug|x86.ActiveCfg = Debug|Win32
		{D67A9AD6-4044-4E88-80CA-441D89AA0A11}.Debug|x86.Build.0 = Debug|Win32
		{D67A9AD6-4044-4E88-80CA-441D89AA0A11}.Release|ARM.ActiveCfg = Release|Win32
		{D67A9AD6-4044-4E88-80CA-441D89AA0A11}.Release|x64.ActiveCfg = Release|x64
		{D67A9AD6-4044-4E88-80CA-441D89AA0A11}.Release|x64.Build.0 = Release|x64
		{D67A9AD6-4044-4E88-80CA-441D89AA0A11}.Release|x86.ActiveCfg = Release|Win32
		{D67A9AD6-4044-4E88-80CA-441D89AA0A11}.Release|x86.Build.0 = Release|Win32
		{7ADE825F-D0AF-4DC7-B153-E3C38F7D9B69}.Debug|ARM.ActiveCfg = Debug|Win32
		{7ADE825F-D0AF-4DC7-B153-E3C38F7D9B69}.Debug|x64.ActiveCfg = Debug|x64
		{7ADE825F-D0AF-4DC7-B153-E3C38F7D9B69}.Debug|x64.Build.0 = Debug|x64
		{7ADE825F-D0AF-4DC7-B153-E3C38F7D9B69}.Debug|x86.ActiveCfg = Debug|Win32
		{7ADE825F-D0AF-4DC7-B153-E3C38F7D9B69}.Debug|x86.Build.0 = Debug|Win32
		{7ADE825F-D0AF-4DC7-B153-E3C38F7D9B69}.Release|ARM.ActiveCfg = Release|Win32
		{7ADE825F-D0AF-4DC7-B153-E3C38F7D9B69}.Release|x64.ActiveCfg = Release|x64
		{7ADE825F-D0AF-4DC7-B153-E3C38F7D9B69}.Release|x64.Build.0 = Release|x64
		{7ADE825F-D0AF-4DC7-B153-E3C38F7D9B69}.Release|x86.ActiveCfg = Release|Win32
		{7ADE825F-D0AF-4DC7-B153-E3C38F7D9B69}.Release|x86.Build.0 = Release|Win32
		{6697EF73-BF7C-4B25-9BEE-95AFFD8DF453}.Debug|ARM.ActiveCfg = Debug|Win32
		{6697EF73-BF7C-4B25-9BEE-95AFFD8DF453}.Debug|x64.ActiveCfg = Debug|x64
		{6697EF73-BF7C-4B25-9BEE-95AFFD8DF453}.Debug|x64.Build.0 = Debug|x64
		{6697EF73-BF7C-4B25-9BEE-95AFFD8DF453}.Debug|x86.ActiveCfg = Debug|Win32
		{6697EF73-BF7C-4B25-9BEE-95AFFD8DF453}.Debug|x86.Build.0 = Debug|Win32
		{6697EF73-BF7C-4B25-9BEE-95AFFD8DF453}.Release|ARM.ActiveCfg = Release|Win32
		{6697EF73-BF7C-4B25-9BEE-95AFFD8DF453}.Release|x64.ActiveCfg = Release|x64
		{6697EF73-BF7C-4B25-9BEE-95AFFD8DF453}.Release|x64.Build.0 = Release|x64
		{6697EF73-BF7C-4B25-9BEE-95AFFD8DF453}.Release|x86.ActiveCfg = Release|Win32
		{6697EF73-BF7C-4B25-9BEE-95AFFD8DF453}.Release|x86.Build.0 = Release|Win32
		{C78BD85C-74B9-4C51-A81E-69F561DF3015}.Debug|ARM.ActiveCfg = Debug|Win32
		{C78BD85C-74B9-4C51-A81E-69F561DF3015}.Debug|x64.ActiveCfg = Debug|x64
		{C78BD85C-74B9-4C51-A81E-69F561DF3015}.Debug|x64.Build.0 = Debug|x64
		{C78BD85C-74B9-4C51-A81E-69F561DF3015}.Debug|x86.ActiveCfg = Debug|Win32
		{C78BD85C-74B9-4C51-A81E-69F561DF3015}.Debug|x86.Build.0 = Debug|Win32
		{C78BD85C-74B9-4C51-A81E-69F561DF3015}.Release|ARM.ActiveCfg = Release|Win32
		{C78BD85C-74B9-4C51-A81E-69F561DF3015}.Release|x64.ActiveCfg = Release|x64
		{C78BD85C-74B9-4C51-A81E-69F561DF3015}.Release|x64.Build.0 = Release|x64
		{C78BD85C-74B9-4C51-A81E-69F561DF3015}.Release|x86.ActiveCfg = Release|Win32
		{C78BD85C-74B9-4C51-A81E-69F561DF3015}.Release|x86.Build.0 = Release|Win32
		{B2AB67DE-B7FA-42BA-B060-959487392AEA}.Debug|ARM.ActiveCfg = Debug|Win32
		{B2AB67DE-B7FA-42BA-B060-959487392AEA}.Debug|x64.ActiveCfg = Debug|x64
		{B2AB67DE-B7FA-42BA-B060-959487392AEA}.Debug|x64.Build.0 = Debug|x64
		{B2AB67DE-B7FA-42BA-B060-959487392AEA}.Debug|x86.ActiveCfg = Debug|Win32
		{B2AB67DE-B7FA-42BA-B060-959487392AEA}.Debug|x86.Build.0 = Debug|Win32
		{B2AB67DE-B7FA-42BA-B060-959487392AEA}.Release|ARM.ActiveCfg = Release|Win32
		{B2AB67DE-B7FA-42BA-B060-959487392AEA}.Release|x64.ActiveCfg = Release|x64
		{B2AB67DE-B7FA-42BA-B060-959487392AEA}.Release|x64.Build.0 = Release|x64
		{B2AB67DE-B7FA-42BA-B060-959487392AEA}.Release|x86.ActiveCfg = Release|Win32
		{B2AB67DE-B7FA-42BA-B060-959487392AEA}.Release|x86.Build.0 = Release|Win32
	EndGlobalSection
	GlobalSection(SolutionProperties) = preSolution
		HideSolutionNode = FALSE
	EndGlobalSection
	GlobalSection(ExtensibilityGlobals) = postSolution
		SolutionGuid = {FA98422A-94E5-4040-9156-61F83FF6CEA0}
	EndGlobalSection
EndGlobal
